// !$*UTF8*$!
{
	archiveVersion = 1;
	classes = {
	};
	objectVersion = 51;
	objects = {

/* Begin PBXBuildFile section */
		676F835F283A527A0020F69A /* ForgotPasswordViewController.swift in Sources */ = {isa = PBXBuildFile; fileRef = 676F835E283A527A0020F69A /* ForgotPasswordViewController.swift */; };
		8DAAA10C247F9448F881F544 /* Pods_Final.framework in Frameworks */ = {isa = PBXBuildFile; fileRef = C1936E7FCD22B57A032044DF /* Pods_Final.framework */; };
		AD38C44F28390460004F805A /* SearchViewController.swift in Sources */ = {isa = PBXBuildFile; fileRef = AD38C44E28390460004F805A /* SearchViewController.swift */; };
		AD38C45528391260004F805A /* MangaTableViewCell.swift in Sources */ = {isa = PBXBuildFile; fileRef = AD38C45328391260004F805A /* MangaTableViewCell.swift */; };
		AD38C45628391260004F805A /* MangaTableViewCell.xib in Resources */ = {isa = PBXBuildFile; fileRef = AD38C45428391260004F805A /* MangaTableViewCell.xib */; };
		AD38C45828392775004F805A /* TextFieldPadding.swift in Sources */ = {isa = PBXBuildFile; fileRef = AD38C45728392775004F805A /* TextFieldPadding.swift */; };
		AD38C45B28395A66004F805A /* ProfileViewController.swift in Sources */ = {isa = PBXBuildFile; fileRef = AD38C45A28395A66004F805A /* ProfileViewController.swift */; };
		AD38C45D283966C1004F805A /* GoogleService-Info.plist in Resources */ = {isa = PBXBuildFile; fileRef = AD38C45C283966C1004F805A /* GoogleService-Info.plist */; };
		AD50A5B22838503800644B50 /* AppDelegate.swift in Sources */ = {isa = PBXBuildFile; fileRef = AD50A5B12838503800644B50 /* AppDelegate.swift */; };
		AD50A5B42838503800644B50 /* SceneDelegate.swift in Sources */ = {isa = PBXBuildFile; fileRef = AD50A5B32838503800644B50 /* SceneDelegate.swift */; };
		AD50A5B62838503800644B50 /* ViewController.swift in Sources */ = {isa = PBXBuildFile; fileRef = AD50A5B52838503800644B50 /* ViewController.swift */; };
		AD50A5B92838503800644B50 /* Main.storyboard in Resources */ = {isa = PBXBuildFile; fileRef = AD50A5B72838503800644B50 /* Main.storyboard */; };
		AD50A5BB2838503A00644B50 /* Assets.xcassets in Resources */ = {isa = PBXBuildFile; fileRef = AD50A5BA2838503A00644B50 /* Assets.xcassets */; };
		AD50A5BE2838503A00644B50 /* LaunchScreen.storyboard in Resources */ = {isa = PBXBuildFile; fileRef = AD50A5BC2838503A00644B50 /* LaunchScreen.storyboard */; };
		AD50A5C928385BDB00644B50 /* video5206550645464635064.mp4 in Resources */ = {isa = PBXBuildFile; fileRef = AD50A5C828385BDB00644B50 /* video5206550645464635064.mp4 */; };
		AD50A5D7283861E200644B50 /* SignInViewController.swift in Sources */ = {isa = PBXBuildFile; fileRef = AD50A5D6283861E200644B50 /* SignInViewController.swift */; };
		AD50A5D9283861F700644B50 /* SignUpViewController.swift in Sources */ = {isa = PBXBuildFile; fileRef = AD50A5D8283861F700644B50 /* SignUpViewController.swift */; };
		AD50A5DB2838620900644B50 /* MainViewController.swift in Sources */ = {isa = PBXBuildFile; fileRef = AD50A5DA2838620900644B50 /* MainViewController.swift */; };
		AD50A5E0283864AB00644B50 /* DishDetailViewController.swift in Sources */ = {isa = PBXBuildFile; fileRef = AD50A5DF283864AB00644B50 /* DishDetailViewController.swift */; };
		AD50A5E4283865DE00644B50 /* CategoryCollectionViewCell.swift in Sources */ = {isa = PBXBuildFile; fileRef = AD50A5E2283865DE00644B50 /* CategoryCollectionViewCell.swift */; };
		AD50A5E5283865DE00644B50 /* CategoryCollectionViewCell.xib in Resources */ = {isa = PBXBuildFile; fileRef = AD50A5E3283865DE00644B50 /* CategoryCollectionViewCell.xib */; };
		AD50A5E82838677100644B50 /* DishPortraitCollectionViewCell.swift in Sources */ = {isa = PBXBuildFile; fileRef = AD50A5E62838677100644B50 /* DishPortraitCollectionViewCell.swift */; };
		AD50A5E92838677100644B50 /* DishPortraitCollectionViewCell.xib in Resources */ = {isa = PBXBuildFile; fileRef = AD50A5E72838677100644B50 /* DishPortraitCollectionViewCell.xib */; };
		AD50A5EC283867AA00644B50 /* DIshLandscapeCollectionViewCell.swift in Sources */ = {isa = PBXBuildFile; fileRef = AD50A5EA283867AA00644B50 /* DIshLandscapeCollectionViewCell.swift */; };
		AD50A5ED283867AA00644B50 /* DIshLandscapeCollectionViewCell.xib in Resources */ = {isa = PBXBuildFile; fileRef = AD50A5EB283867AA00644B50 /* DIshLandscapeCollectionViewCell.xib */; };
		AD50A5F12838680E00644B50 /* DishListTableViewCell.swift in Sources */ = {isa = PBXBuildFile; fileRef = AD50A5EF2838680E00644B50 /* DishListTableViewCell.swift */; };
		AD50A5F22838680E00644B50 /* DishListTableViewCell.xib in Resources */ = {isa = PBXBuildFile; fileRef = AD50A5F02838680E00644B50 /* DishListTableViewCell.xib */; };
		AD50A5F4283868AB00644B50 /* HomeViewController.swift in Sources */ = {isa = PBXBuildFile; fileRef = AD50A5F3283868AB00644B50 /* HomeViewController.swift */; };
/* End PBXBuildFile section */

/* Begin PBXFileReference section */
		676F835E283A527A0020F69A /* ForgotPasswordViewController.swift */ = {isa = PBXFileReference; lastKnownFileType = sourcecode.swift; path = ForgotPasswordViewController.swift; sourceTree = "<group>"; };
		864A5FE82EFAA0039402FBBE /* Pods-Final.release.xcconfig */ = {isa = PBXFileReference; includeInIndex = 1; lastKnownFileType = text.xcconfig; name = "Pods-Final.release.xcconfig"; path = "Target Support Files/Pods-Final/Pods-Final.release.xcconfig"; sourceTree = "<group>"; };
		9FCF6C5FAE123CBD48BF6C0E /* Pods-Final.debug.xcconfig */ = {isa = PBXFileReference; includeInIndex = 1; lastKnownFileType = text.xcconfig; name = "Pods-Final.debug.xcconfig"; path = "Target Support Files/Pods-Final/Pods-Final.debug.xcconfig"; sourceTree = "<group>"; };
		AD38C44E28390460004F805A /* SearchViewController.swift */ = {isa = PBXFileReference; lastKnownFileType = sourcecode.swift; path = SearchViewController.swift; sourceTree = "<group>"; };
		AD38C45328391260004F805A /* MangaTableViewCell.swift */ = {isa = PBXFileReference; lastKnownFileType = sourcecode.swift; path = MangaTableViewCell.swift; sourceTree = "<group>"; };
		AD38C45428391260004F805A /* MangaTableViewCell.xib */ = {isa = PBXFileReference; lastKnownFileType = file.xib; path = MangaTableViewCell.xib; sourceTree = "<group>"; };
		AD38C45728392775004F805A /* TextFieldPadding.swift */ = {isa = PBXFileReference; lastKnownFileType = sourcecode.swift; path = TextFieldPadding.swift; sourceTree = "<group>"; };
		AD38C45A28395A66004F805A /* ProfileViewController.swift */ = {isa = PBXFileReference; lastKnownFileType = sourcecode.swift; path = ProfileViewController.swift; sourceTree = "<group>"; };
		AD38C45C283966C1004F805A /* GoogleService-Info.plist */ = {isa = PBXFileReference; fileEncoding = 4; lastKnownFileType = text.plist.xml; path = "GoogleService-Info.plist"; sourceTree = "<group>"; };
		AD50A5AE2838503800644B50 /* Final.app */ = {isa = PBXFileReference; explicitFileType = wrapper.application; includeInIndex = 0; path = Final.app; sourceTree = BUILT_PRODUCTS_DIR; };
		AD50A5B12838503800644B50 /* AppDelegate.swift */ = {isa = PBXFileReference; lastKnownFileType = sourcecode.swift; path = AppDelegate.swift; sourceTree = "<group>"; };
		AD50A5B32838503800644B50 /* SceneDelegate.swift */ = {isa = PBXFileReference; lastKnownFileType = sourcecode.swift; path = SceneDelegate.swift; sourceTree = "<group>"; };
		AD50A5B52838503800644B50 /* ViewController.swift */ = {isa = PBXFileReference; lastKnownFileType = sourcecode.swift; path = ViewController.swift; sourceTree = "<group>"; };
		AD50A5B82838503800644B50 /* Base */ = {isa = PBXFileReference; lastKnownFileType = file.storyboard; name = Base; path = Base.lproj/Main.storyboard; sourceTree = "<group>"; };
		AD50A5BA2838503A00644B50 /* Assets.xcassets */ = {isa = PBXFileReference; lastKnownFileType = folder.assetcatalog; path = Assets.xcassets; sourceTree = "<group>"; };
		AD50A5BD2838503A00644B50 /* Base */ = {isa = PBXFileReference; lastKnownFileType = file.storyboard; name = Base; path = Base.lproj/LaunchScreen.storyboard; sourceTree = "<group>"; };
		AD50A5BF2838503A00644B50 /* Info.plist */ = {isa = PBXFileReference; lastKnownFileType = text.plist.xml; path = Info.plist; sourceTree = "<group>"; };
		AD50A5C828385BDB00644B50 /* video5206550645464635064.mp4 */ = {isa = PBXFileReference; lastKnownFileType = file; path = video5206550645464635064.mp4; sourceTree = "<group>"; };
		AD50A5D6283861E200644B50 /* SignInViewController.swift */ = {isa = PBXFileReference; lastKnownFileType = sourcecode.swift; path = SignInViewController.swift; sourceTree = "<group>"; };
		AD50A5D8283861F700644B50 /* SignUpViewController.swift */ = {isa = PBXFileReference; lastKnownFileType = sourcecode.swift; path = SignUpViewController.swift; sourceTree = "<group>"; };
		AD50A5DA2838620900644B50 /* MainViewController.swift */ = {isa = PBXFileReference; lastKnownFileType = sourcecode.swift; path = MainViewController.swift; sourceTree = "<group>"; };
		AD50A5DF283864AB00644B50 /* DishDetailViewController.swift */ = {isa = PBXFileReference; lastKnownFileType = sourcecode.swift; path = DishDetailViewController.swift; sourceTree = "<group>"; };
		AD50A5E2283865DE00644B50 /* CategoryCollectionViewCell.swift */ = {isa = PBXFileReference; lastKnownFileType = sourcecode.swift; path = CategoryCollectionViewCell.swift; sourceTree = "<group>"; };
		AD50A5E3283865DE00644B50 /* CategoryCollectionViewCell.xib */ = {isa = PBXFileReference; lastKnownFileType = file.xib; path = CategoryCollectionViewCell.xib; sourceTree = "<group>"; };
		AD50A5E62838677100644B50 /* DishPortraitCollectionViewCell.swift */ = {isa = PBXFileReference; lastKnownFileType = sourcecode.swift; path = DishPortraitCollectionViewCell.swift; sourceTree = "<group>"; };
		AD50A5E72838677100644B50 /* DishPortraitCollectionViewCell.xib */ = {isa = PBXFileReference; lastKnownFileType = file.xib; path = DishPortraitCollectionViewCell.xib; sourceTree = "<group>"; };
		AD50A5EA283867AA00644B50 /* DIshLandscapeCollectionViewCell.swift */ = {isa = PBXFileReference; lastKnownFileType = sourcecode.swift; path = DIshLandscapeCollectionViewCell.swift; sourceTree = "<group>"; };
		AD50A5EB283867AA00644B50 /* DIshLandscapeCollectionViewCell.xib */ = {isa = PBXFileReference; lastKnownFileType = file.xib; path = DIshLandscapeCollectionViewCell.xib; sourceTree = "<group>"; };
		AD50A5EF2838680E00644B50 /* DishListTableViewCell.swift */ = {isa = PBXFileReference; lastKnownFileType = sourcecode.swift; path = DishListTableViewCell.swift; sourceTree = "<group>"; };
		AD50A5F02838680E00644B50 /* DishListTableViewCell.xib */ = {isa = PBXFileReference; lastKnownFileType = file.xib; path = DishListTableViewCell.xib; sourceTree = "<group>"; };
		AD50A5F3283868AB00644B50 /* HomeViewController.swift */ = {isa = PBXFileReference; lastKnownFileType = sourcecode.swift; path = HomeViewController.swift; sourceTree = "<group>"; };
		C1936E7FCD22B57A032044DF /* Pods_Final.framework */ = {isa = PBXFileReference; explicitFileType = wrapper.framework; includeInIndex = 0; path = Pods_Final.framework; sourceTree = BUILT_PRODUCTS_DIR; };
/* End PBXFileReference section */

/* Begin PBXFrameworksBuildPhase section */
		AD50A5AB2838503800644B50 /* Frameworks */ = {
			isa = PBXFrameworksBuildPhase;
			buildActionMask = 2147483647;
			files = (
				8DAAA10C247F9448F881F544 /* Pods_Final.framework in Frameworks */,
			);
			runOnlyForDeploymentPostprocessing = 0;
		};
/* End PBXFrameworksBuildPhase section */

/* Begin PBXGroup section */
		AD38C4522839122C004F805A /* Cell */ = {
			isa = PBXGroup;
			children = (
				AD38C45328391260004F805A /* MangaTableViewCell.swift */,
				AD38C45428391260004F805A /* MangaTableViewCell.xib */,
			);
			path = Cell;
			sourceTree = "<group>";
		};
		AD38C45928392780004F805A /* Extension */ = {
			isa = PBXGroup;
			children = (
				AD38C45728392775004F805A /* TextFieldPadding.swift */,
			);
			path = Extension;
			sourceTree = "<group>";
		};
		AD50A5A52838503800644B50 = {
			isa = PBXGroup;
			children = (
				AD50A5B02838503800644B50 /* Final */,
				AD50A5AF2838503800644B50 /* Products */,
				CB7CEE9C9CA9F7119BD8C11D /* Pods */,
				E23FF0E6FEB78827C9E84DA5 /* Frameworks */,
			);
			sourceTree = "<group>";
		};
		AD50A5AF2838503800644B50 /* Products */ = {
			isa = PBXGroup;
			children = (
				AD50A5AE2838503800644B50 /* Final.app */,
			);
			name = Products;
			sourceTree = "<group>";
		};
		AD50A5B02838503800644B50 /* Final */ = {
			isa = PBXGroup;
			children = (
				AD50A5EE283867E000644B50 /* CustomViews */,
				AD50A5E12838654F00644B50 /* CollectionViewCells */,
				AD50A5DE2838646C00644B50 /* views */,
				AD50A5C728385BAD00644B50 /* Video */,
				AD50A5B12838503800644B50 /* AppDelegate.swift */,
				AD50A5B32838503800644B50 /* SceneDelegate.swift */,
				AD50A5D5283861CA00644B50 /* Controller */,
				AD50A5B72838503800644B50 /* Main.storyboard */,
				AD50A5BA2838503A00644B50 /* Assets.xcassets */,
				AD50A5BC2838503A00644B50 /* LaunchScreen.storyboard */,
				AD50A5BF2838503A00644B50 /* Info.plist */,
				AD38C45C283966C1004F805A /* GoogleService-Info.plist */,
				AD38C4522839122C004F805A /* Cell */,
				AD38C45928392780004F805A /* Extension */,
			);
			path = Final;
			sourceTree = "<group>";
		};
		AD50A5C728385BAD00644B50 /* Video */ = {
			isa = PBXGroup;
			children = (
				AD50A5C828385BDB00644B50 /* video5206550645464635064.mp4 */,
			);
			path = Video;
			sourceTree = "<group>";
		};
		AD50A5D5283861CA00644B50 /* Controller */ = {
			isa = PBXGroup;
			children = (
				AD50A5B52838503800644B50 /* ViewController.swift */,
				AD50A5D6283861E200644B50 /* SignInViewController.swift */,
				AD50A5D8283861F700644B50 /* SignUpViewController.swift */,
				AD50A5DA2838620900644B50 /* MainViewController.swift */,
				AD50A5F3283868AB00644B50 /* HomeViewController.swift */,
				AD38C44E28390460004F805A /* SearchViewController.swift */,
				AD38C45A28395A66004F805A /* ProfileViewController.swift */,
				676F835E283A527A0020F69A /* ForgotPasswordViewController.swift */,
			);
			path = Controller;
			sourceTree = "<group>";
		};
		AD50A5DE2838646C00644B50 /* views */ = {
			isa = PBXGroup;
			children = (
				AD50A5DF283864AB00644B50 /* DishDetailViewController.swift */,
			);
			path = views;
			sourceTree = "<group>";
		};
		AD50A5E12838654F00644B50 /* CollectionViewCells */ = {
			isa = PBXGroup;
			children = (
				AD50A5E2283865DE00644B50 /* CategoryCollectionViewCell.swift */,
				AD50A5E3283865DE00644B50 /* CategoryCollectionViewCell.xib */,
				AD50A5E62838677100644B50 /* DishPortraitCollectionViewCell.swift */,
				AD50A5E72838677100644B50 /* DishPortraitCollectionViewCell.xib */,
				AD50A5EA283867AA00644B50 /* DIshLandscapeCollectionViewCell.swift */,
				AD50A5EB283867AA00644B50 /* DIshLandscapeCollectionViewCell.xib */,
			);
			path = CollectionViewCells;
			sourceTree = "<group>";
		};
		AD50A5EE283867E000644B50 /* CustomViews */ = {
			isa = PBXGroup;
			children = (
				AD50A5EF2838680E00644B50 /* DishListTableViewCell.swift */,
				AD50A5F02838680E00644B50 /* DishListTableViewCell.xib */,
			);
			path = CustomViews;
			sourceTree = "<group>";
		};
		CB7CEE9C9CA9F7119BD8C11D /* Pods */ = {
			isa = PBXGroup;
			children = (
				9FCF6C5FAE123CBD48BF6C0E /* Pods-Final.debug.xcconfig */,
				864A5FE82EFAA0039402FBBE /* Pods-Final.release.xcconfig */,
			);
			path = Pods;
			sourceTree = "<group>";
		};
		E23FF0E6FEB78827C9E84DA5 /* Frameworks */ = {
			isa = PBXGroup;
			children = (
				C1936E7FCD22B57A032044DF /* Pods_Final.framework */,
			);
			name = Frameworks;
			sourceTree = "<group>";
		};
/* End PBXGroup section */

/* Begin PBXNativeTarget section */
		AD50A5AD2838503800644B50 /* Final */ = {
			isa = PBXNativeTarget;
			buildConfigurationList = AD50A5C22838503A00644B50 /* Build configuration list for PBXNativeTarget "Final" */;
			buildPhases = (
				1375D4AC79C0EF8DFA57DB30 /* [CP] Check Pods Manifest.lock */,
				AD50A5AA2838503800644B50 /* Sources */,
				AD50A5AB2838503800644B50 /* Frameworks */,
				AD50A5AC2838503800644B50 /* Resources */,
				3E7E233F31CAC73D1C7CDC01 /* [CP] Embed Pods Frameworks */,
			);
			buildRules = (
			);
			dependencies = (
			);
			name = Final;
			productName = Final;
			productReference = AD50A5AE2838503800644B50 /* Final.app */;
			productType = "com.apple.product-type.application";
		};
/* End PBXNativeTarget section */

/* Begin PBXProject section */
		AD50A5A62838503800644B50 /* Project object */ = {
			isa = PBXProject;
			attributes = {
				LastSwiftUpdateCheck = 1250;
				LastUpgradeCheck = 1250;
				TargetAttributes = {
					AD50A5AD2838503800644B50 = {
						CreatedOnToolsVersion = 12.5.1;
					};
				};
			};
			buildConfigurationList = AD50A5A92838503800644B50 /* Build configuration list for PBXProject "Final" */;
			compatibilityVersion = "Xcode 9.3";
			developmentRegion = en;
			hasScannedForEncodings = 0;
			knownRegions = (
				en,
				Base,
			);
			mainGroup = AD50A5A52838503800644B50;
			productRefGroup = AD50A5AF2838503800644B50 /* Products */;
			projectDirPath = "";
			projectRoot = "";
			targets = (
				AD50A5AD2838503800644B50 /* Final */,
			);
		};
/* End PBXProject section */

/* Begin PBXResourcesBuildPhase section */
		AD50A5AC2838503800644B50 /* Resources */ = {
			isa = PBXResourcesBuildPhase;
			buildActionMask = 2147483647;
			files = (
				AD50A5BE2838503A00644B50 /* LaunchScreen.storyboard in Resources */,
				AD50A5F22838680E00644B50 /* DishListTableViewCell.xib in Resources */,
				AD50A5E92838677100644B50 /* DishPortraitCollectionViewCell.xib in Resources */,
				AD50A5E5283865DE00644B50 /* CategoryCollectionViewCell.xib in Resources */,
				AD50A5BB2838503A00644B50 /* Assets.xcassets in Resources */,
				AD50A5C928385BDB00644B50 /* video5206550645464635064.mp4 in Resources */,
				AD50A5B92838503800644B50 /* Main.storyboard in Resources */,
				AD38C45D283966C1004F805A /* GoogleService-Info.plist in Resources */,
				AD50A5ED283867AA00644B50 /* DIshLandscapeCollectionViewCell.xib in Resources */,
				AD38C45628391260004F805A /* MangaTableViewCell.xib in Resources */,
			);
			runOnlyForDeploymentPostprocessing = 0;
		};
/* End PBXResourcesBuildPhase section */

/* Begin PBXShellScriptBuildPhase section */
		1375D4AC79C0EF8DFA57DB30 /* [CP] Check Pods Manifest.lock */ = {
			isa = PBXShellScriptBuildPhase;
			buildActionMask = 2147483647;
			files = (
			);
			inputFileListPaths = (
			);
			inputPaths = (
				"${PODS_PODFILE_DIR_PATH}/Podfile.lock",
				"${PODS_ROOT}/Manifest.lock",
			);
			name = "[CP] Check Pods Manifest.lock";
			outputFileListPaths = (
			);
			outputPaths = (
				"$(DERIVED_FILE_DIR)/Pods-Final-checkManifestLockResult.txt",
			);
			runOnlyForDeploymentPostprocessing = 0;
			shellPath = /bin/sh;
			shellScript = "diff \"${PODS_PODFILE_DIR_PATH}/Podfile.lock\" \"${PODS_ROOT}/Manifest.lock\" > /dev/null\nif [ $? != 0 ] ; then\n    # print error to STDERR\n    echo \"error: The sandbox is not in sync with the Podfile.lock. Run 'pod install' or update your CocoaPods installation.\" >&2\n    exit 1\nfi\n# This output is used by Xcode 'outputs' to avoid re-running this script phase.\necho \"SUCCESS\" > \"${SCRIPT_OUTPUT_FILE_0}\"\n";
			showEnvVarsInLog = 0;
		};
		3E7E233F31CAC73D1C7CDC01 /* [CP] Embed Pods Frameworks */ = {
			isa = PBXShellScriptBuildPhase;
			buildActionMask = 2147483647;
			files = (
			);
			inputFileListPaths = (
				"${PODS_ROOT}/Target Support Files/Pods-Final/Pods-Final-frameworks-${CONFIGURATION}-input-files.xcfilelist",
			);
			name = "[CP] Embed Pods Frameworks";
			outputFileListPaths = (
				"${PODS_ROOT}/Target Support Files/Pods-Final/Pods-Final-frameworks-${CONFIGURATION}-output-files.xcfilelist",
			);
			runOnlyForDeploymentPostprocessing = 0;
			shellPath = /bin/sh;
			shellScript = "\"${PODS_ROOT}/Target Support Files/Pods-Final/Pods-Final-frameworks.sh\"\n";
			showEnvVarsInLog = 0;
		};
/* End PBXShellScriptBuildPhase section */

/* Begin PBXSourcesBuildPhase section */
		AD50A5AA2838503800644B50 /* Sources */ = {
			isa = PBXSourcesBuildPhase;
			buildActionMask = 2147483647;
			files = (
				AD50A5EC283867AA00644B50 /* DIshLandscapeCollectionViewCell.swift in Sources */,
				AD50A5E4283865DE00644B50 /* CategoryCollectionViewCell.swift in Sources */,
				AD50A5D7283861E200644B50 /* SignInViewController.swift in Sources */,
				AD50A5E0283864AB00644B50 /* DishDetailViewController.swift in Sources */,
				AD50A5B62838503800644B50 /* ViewController.swift in Sources */,
				AD50A5B22838503800644B50 /* AppDelegate.swift in Sources */,
				AD38C45B28395A66004F805A /* ProfileViewController.swift in Sources */,
				AD50A5DB2838620900644B50 /* MainViewController.swift in Sources */,
				AD50A5B42838503800644B50 /* SceneDelegate.swift in Sources */,
				AD38C44F28390460004F805A /* SearchViewController.swift in Sources */,
				AD38C45828392775004F805A /* TextFieldPadding.swift in Sources */,
				676F835F283A527A0020F69A /* ForgotPasswordViewController.swift in Sources */,
				AD50A5F12838680E00644B50 /* DishListTableViewCell.swift in Sources */,
				AD38C45528391260004F805A /* MangaTableViewCell.swift in Sources */,
				AD50A5D9283861F700644B50 /* SignUpViewController.swift in Sources */,
				AD50A5E82838677100644B50 /* DishPortraitCollectionViewCell.swift in Sources */,
				AD50A5F4283868AB00644B50 /* HomeViewController.swift in Sources */,
			);
			runOnlyForDeploymentPostprocessing = 0;
		};
/* End PBXSourcesBuildPhase section */

/* Begin PBXVariantGroup section */
		AD50A5B72838503800644B50 /* Main.storyboard */ = {
			isa = PBXVariantGroup;
			children = (
				AD50A5B82838503800644B50 /* Base */,
			);
			name = Main.storyboard;
			sourceTree = "<group>";
		};
		AD50A5BC2838503A00644B50 /* LaunchScreen.storyboard */ = {
			isa = PBXVariantGroup;
			children = (
				AD50A5BD2838503A00644B50 /* Base */,
			);
			name = LaunchScreen.storyboard;
			sourceTree = "<group>";
		};
/* End PBXVariantGroup section */

/* Begin XCBuildConfiguration section */
		AD50A5C02838503A00644B50 /* Debug */ = {
			isa = XCBuildConfiguration;
			buildSettings = {
				ALWAYS_SEARCH_USER_PATHS = NO;
				CLANG_ANALYZER_NONNULL = YES;
				CLANG_ANALYZER_NUMBER_OBJECT_CONVERSION = YES_AGGRESSIVE;
				CLANG_CXX_LANGUAGE_STANDARD = "gnu++14";
				CLANG_CXX_LIBRARY = "libc++";
				CLANG_ENABLE_MODULES = YES;
				CLANG_ENABLE_OBJC_ARC = YES;
				CLANG_ENABLE_OBJC_WEAK = YES;
				CLANG_WARN_BLOCK_CAPTURE_AUTORELEASING = YES;
				CLANG_WARN_BOOL_CONVERSION = YES;
				CLANG_WARN_COMMA = YES;
				CLANG_WARN_CONSTANT_CONVERSION = YES;
				CLANG_WARN_DEPRECATED_OBJC_IMPLEMENTATIONS = YES;
				CLANG_WARN_DIRECT_OBJC_ISA_USAGE = YES_ERROR;
				CLANG_WARN_DOCUMENTATION_COMMENTS = YES;
				CLANG_WARN_EMPTY_BODY = YES;
				CLANG_WARN_ENUM_CONVERSION = YES;
				CLANG_WARN_INFINITE_RECURSION = YES;
				CLANG_WARN_INT_CONVERSION = YES;
				CLANG_WARN_NON_LITERAL_NULL_CONVERSION = YES;
				CLANG_WARN_OBJC_IMPLICIT_RETAIN_SELF = YES;
				CLANG_WARN_OBJC_LITERAL_CONVERSION = YES;
				CLANG_WARN_OBJC_ROOT_CLASS = YES_ERROR;
				CLANG_WARN_QUOTED_INCLUDE_IN_FRAMEWORK_HEADER = YES;
				CLANG_WARN_RANGE_LOOP_ANALYSIS = YES;
				CLANG_WARN_STRICT_PROTOTYPES = YES;
				CLANG_WARN_SUSPICIOUS_MOVE = YES;
				CLANG_WARN_UNGUARDED_AVAILABILITY = YES_AGGRESSIVE;
				CLANG_WARN_UNREACHABLE_CODE = YES;
				CLANG_WARN__DUPLICATE_METHOD_MATCH = YES;
				COPY_PHASE_STRIP = NO;
				DEBUG_INFORMATION_FORMAT = dwarf;
				ENABLE_STRICT_OBJC_MSGSEND = YES;
				ENABLE_TESTABILITY = YES;
				GCC_C_LANGUAGE_STANDARD = gnu11;
				GCC_DYNAMIC_NO_PIC = NO;
				GCC_NO_COMMON_BLOCKS = YES;
				GCC_OPTIMIZATION_LEVEL = 0;
				GCC_PREPROCESSOR_DEFINITIONS = (
					"DEBUG=1",
					"$(inherited)",
				);
				GCC_WARN_64_TO_32_BIT_CONVERSION = YES;
				GCC_WARN_ABOUT_RETURN_TYPE = YES_ERROR;
				GCC_WARN_UNDECLARED_SELECTOR = YES;
				GCC_WARN_UNINITIALIZED_AUTOS = YES_AGGRESSIVE;
				GCC_WARN_UNUSED_FUNCTION = YES;
				GCC_WARN_UNUSED_VARIABLE = YES;
				IPHONEOS_DEPLOYMENT_TARGET = 14.5;
				MTL_ENABLE_DEBUG_INFO = INCLUDE_SOURCE;
				MTL_FAST_MATH = YES;
				ONLY_ACTIVE_ARCH = YES;
				SDKROOT = iphoneos;
				SWIFT_ACTIVE_COMPILATION_CONDITIONS = DEBUG;
				SWIFT_OPTIMIZATION_LEVEL = "-Onone";
			};
			name = Debug;
		};
		AD50A5C12838503A00644B50 /* Release */ = {
			isa = XCBuildConfiguration;
			buildSettings = {
				ALWAYS_SEARCH_USER_PATHS = NO;
				CLANG_ANALYZER_NONNULL = YES;
				CLANG_ANALYZER_NUMBER_OBJECT_CONVERSION = YES_AGGRESSIVE;
				CLANG_CXX_LANGUAGE_STANDARD = "gnu++14";
				CLANG_CXX_LIBRARY = "libc++";
				CLANG_ENABLE_MODULES = YES;
				CLANG_ENABLE_OBJC_ARC = YES;
				CLANG_ENABLE_OBJC_WEAK = YES;
				CLANG_WARN_BLOCK_CAPTURE_AUTORELEASING = YES;
				CLANG_WARN_BOOL_CONVERSION = YES;
				CLANG_WARN_COMMA = YES;
				CLANG_WARN_CONSTANT_CONVERSION = YES;
				CLANG_WARN_DEPRECATED_OBJC_IMPLEMENTATIONS = YES;
				CLANG_WARN_DIRECT_OBJC_ISA_USAGE = YES_ERROR;
				CLANG_WARN_DOCUMENTATION_COMMENTS = YES;
				CLANG_WARN_EMPTY_BODY = YES;
				CLANG_WARN_ENUM_CONVERSION = YES;
				CLANG_WARN_INFINITE_RECURSION = YES;
				CLANG_WARN_INT_CONVERSION = YES;
				CLANG_WARN_NON_LITERAL_NULL_CONVERSION = YES;
				CLANG_WARN_OBJC_IMPLICIT_RETAIN_SELF = YES;
				CLANG_WARN_OBJC_LITERAL_CONVERSION = YES;
				CLANG_WARN_OBJC_ROOT_CLASS = YES_ERROR;
				CLANG_WARN_QUOTED_INCLUDE_IN_FRAMEWORK_HEADER = YES;
				CLANG_WARN_RANGE_LOOP_ANALYSIS = YES;
				CLANG_WARN_STRICT_PROTOTYPES = YES;
				CLANG_WARN_SUSPICIOUS_MOVE = YES;
				CLANG_WARN_UNGUARDED_AVAILABILITY = YES_AGGRESSIVE;
				CLANG_WARN_UNREACHABLE_CODE = YES;
				CLANG_WARN__DUPLICATE_METHOD_MATCH = YES;
				COPY_PHASE_STRIP = NO;
				DEBUG_INFORMATION_FORMAT = "dwarf-with-dsym";
				ENABLE_NS_ASSERTIONS = NO;
				ENABLE_STRICT_OBJC_MSGSEND = YES;
				GCC_C_LANGUAGE_STANDARD = gnu11;
				GCC_NO_COMMON_BLOCKS = YES;
				GCC_WARN_64_TO_32_BIT_CONVERSION = YES;
				GCC_WARN_ABOUT_RETURN_TYPE = YES_ERROR;
				GCC_WARN_UNDECLARED_SELECTOR = YES;
				GCC_WARN_UNINITIALIZED_AUTOS = YES_AGGRESSIVE;
				GCC_WARN_UNUSED_FUNCTION = YES;
				GCC_WARN_UNUSED_VARIABLE = YES;
				IPHONEOS_DEPLOYMENT_TARGET = 14.5;
				MTL_ENABLE_DEBUG_INFO = NO;
				MTL_FAST_MATH = YES;
				SDKROOT = iphoneos;
				SWIFT_COMPILATION_MODE = wholemodule;
				SWIFT_OPTIMIZATION_LEVEL = "-O";
				VALIDATE_PRODUCT = YES;
			};
			name = Release;
		};
		AD50A5C32838503A00644B50 /* Debug */ = {
			isa = XCBuildConfiguration;
			baseConfigurationReference = 9FCF6C5FAE123CBD48BF6C0E /* Pods-Final.debug.xcconfig */;
			buildSettings = {
				ASSETCATALOG_COMPILER_APPICON_NAME = AppIcon;
				ASSETCATALOG_COMPILER_GLOBAL_ACCENT_COLOR_NAME = AccentColor;
				CODE_SIGN_STYLE = Automatic;
				DEVELOPMENT_TEAM = R5539S8Y27;
				INFOPLIST_FILE = Final/Info.plist;
				LD_RUNPATH_SEARCH_PATHS = (
					"$(inherited)",
					"@executable_path/Frameworks",
				);
				PRODUCT_BUNDLE_IDENTIFIER = com.aitu.Final;
				PRODUCT_NAME = "$(TARGET_NAME)";
				SWIFT_VERSION = 5.0;
				TARGETED_DEVICE_FAMILY = "1,2";
			};
			name = Debug;
		};
		AD50A5C42838503A00644B50 /* Release */ = {
			isa = XCBuildConfiguration;
			baseConfigurationReference = 864A5FE82EFAA0039402FBBE /* Pods-Final.release.xcconfig */;
			buildSettings = {
				ASSETCATALOG_COMPILER_APPICON_NAME = AppIcon;
				ASSETCATALOG_COMPILER_GLOBAL_ACCENT_COLOR_NAME = AccentColor;
				CODE_SIGN_STYLE = Automatic;
				DEVELOPMENT_TEAM = R5539S8Y27;
				INFOPLIST_FILE = Final/Info.plist;
				LD_RUNPATH_SEARCH_PATHS = (
					"$(inherited)",
					"@executable_path/Frameworks",
				);
				PRODUCT_BUNDLE_IDENTIFIER = com.aitu.Final;
				PRODUCT_NAME = "$(TARGET_NAME)";
				SWIFT_VERSION = 5.0;
				TARGETED_DEVICE_FAMILY = "1,2";
			};
			name = Release;
		};
/* End XCBuildConfiguration section */

/* Begin XCConfigurationList section */
		AD50A5A92838503800644B50 /* Build configuration list for PBXProject "Final" */ = {
			isa = XCConfigurationList;
			buildConfigurations = (
				AD50A5C02838503A00644B50 /* Debug */,
				AD50A5C12838503A00644B50 /* Release */,
			);
			defaultConfigurationIsVisible = 0;
			defaultConfigurationName = Release;
		};
		AD50A5C22838503A00644B50 /* Build configuration list for PBXNativeTarget "Final" */ = {
			isa = XCConfigurationList;
			buildConfigurations = (
				AD50A5C32838503A00644B50 /* Debug */,
				AD50A5C42838503A00644B50 /* Release */,
			);
			defaultConfigurationIsVisible = 0;
			defaultConfigurationName = Release;
		};
/* End XCConfigurationList section */
	};
	rootObject = AD50A5A62838503800644B50 /* Project object */;
}
